
Microsoft Visual Studio Solution File, Format Version 12.00
# Visual Studio Version 17
VisualStudioVersion = 17.13.35828.75 d17.13
MinimumVisualStudioVersion = 10.0.40219.1
Project("{FAE04EC0-301F-11D3-BF4B-00C04F79EFBC}") = "LibraryManagementSystem", "LibraryManagementSystem.csproj", "{1334DC1D-93B9-414A-961E-351F397851FD}"
EndProject
Global
	GlobalSection(SolutionConfigurationPlatforms) = preSolution
		Debug|Any CPU = Debug|Any CPU
		Release|Any CPU = Release|Any CPU
	EndGlobalSection
	GlobalSection(ProjectConfigurationPlatforms) = postSolution
		{1334DC1D-93B9-414A-961E-351F397851FD}.Debug|Any CPU.ActiveCfg = Debug|Any CPU
		{1334DC1D-93B9-414A-961E-351F397851FD}.Debug|Any CPU.Build.0 = Debug|Any CPU
		{1334DC1D-93B9-414A-961E-351F397851FD}.Release|Any CPU.ActiveCfg = Release|Any CPU
		{1334DC1D-93B9-414A-961E-351F397851FD}.Release|Any CPU.Build.0 = Release|Any CPU
	EndGlobalSection
	GlobalSection(SolutionProperties) = preSolution
		HideSolutionNode = FALSE
	EndGlobalSection
	GlobalSection(ExtensibilityGlobals) = postSolution
		SolutionGuid = {20C6C027-B5F7-4CD3-9190-137B4B84324B}
	EndGlobalSection
EndGlobal
